
Microsoft Visual Studio Solution File, Format Version 12.00
# Visual Studio Version 17
VisualStudioVersion = 17.7.34202.233
MinimumVisualStudioVersion = 10.0.40219.1
Project("{8BC9CEB8-8B4A-11D0-8D11-00A0C91BC942}") = "TestDll", "TestDll\TestDll.vcxproj", "{1FBA11A0-47B6-43DA-A97C-36450C7A3482}"
EndProject
Project("{8BC9CEB8-8B4A-11D0-8D11-00A0C91BC942}") = "mv2dll", "mv2dll\mv2dll.vcxproj", "{55B6983C-0C14-49DF-87AE-8981DE32CF6A}"
EndProject
Project("{8BC9CEB8-8B4A-11D0-8D11-00A0C91BC942}") = "mv2lin", "mv2lib\mv2lib.vcxproj", "{C2C9BE63-626F-499D-AEA5-6C0C1409C043}"
EndProject
Project("{8BC9CEB8-8B4A-11D0-8D11-00A0C91BC942}") = "TestMv2Lin", "TestMv2Lin\TestMv2Lin.vcxproj", "{4966ACE3-BAF0-42E6-A0C2-9C6F7C7CA564}"
EndProject
Global
	GlobalSection(SolutionConfigurationPlatforms) = preSolution
		Debug|ARM = Debug|ARM
		Debug|ARM64 = Debug|ARM64
		Debug|x64 = Debug|x64
		Debug|x86 = Debug|x86
		Release|ARM = Release|ARM
		Release|ARM64 = Release|ARM64
		Release|x64 = Release|x64
		Release|x86 = Release|x86
	EndGlobalSection
	GlobalSection(ProjectConfigurationPlatforms) = postSolution
		{1FBA11A0-47B6-43DA-A97C-36450C7A3482}.Debug|ARM.ActiveCfg = Debug|x64
		{1FBA11A0-47B6-43DA-A97C-36450C7A3482}.Debug|ARM.Build.0 = Debug|x64
		{1FBA11A0-47B6-43DA-A97C-36450C7A3482}.Debug|ARM64.ActiveCfg = Debug|x64
		{1FBA11A0-47B6-43DA-A97C-36450C7A3482}.Debug|ARM64.Build.0 = Debug|x64
		{1FBA11A0-47B6-43DA-A97C-36450C7A3482}.Debug|x64.ActiveCfg = Debug|x64
		{1FBA11A0-47B6-43DA-A97C-36450C7A3482}.Debug|x64.Build.0 = Debug|x64
		{1FBA11A0-47B6-43DA-A97C-36450C7A3482}.Debug|x86.ActiveCfg = Debug|Win32
		{1FBA11A0-47B6-43DA-A97C-36450C7A3482}.Debug|x86.Build.0 = Debug|Win32
		{1FBA11A0-47B6-43DA-A97C-36450C7A3482}.Release|ARM.ActiveCfg = Release|x64
		{1FBA11A0-47B6-43DA-A97C-36450C7A3482}.Release|ARM.Build.0 = Release|x64
		{1FBA11A0-47B6-43DA-A97C-36450C7A3482}.Release|ARM64.ActiveCfg = Release|x64
		{1FBA11A0-47B6-43DA-A97C-36450C7A3482}.Release|ARM64.Build.0 = Release|x64
		{1FBA11A0-47B6-43DA-A97C-36450C7A3482}.Release|x64.ActiveCfg = Release|x64
		{1FBA11A0-47B6-43DA-A97C-36450C7A3482}.Release|x64.Build.0 = Release|x64
		{1FBA11A0-47B6-43DA-A97C-36450C7A3482}.Release|x86.ActiveCfg = Release|Win32
		{1FBA11A0-47B6-43DA-A97C-36450C7A3482}.Release|x86.Build.0 = Release|Win32
		{55B6983C-0C14-49DF-87AE-8981DE32CF6A}.Debug|ARM.ActiveCfg = Debug|x64
		{55B6983C-0C14-49DF-87AE-8981DE32CF6A}.Debug|ARM.Build.0 = Debug|x64
		{55B6983C-0C14-49DF-87AE-8981DE32CF6A}.Debug|ARM64.ActiveCfg = Debug|x64
		{55B6983C-0C14-49DF-87AE-8981DE32CF6A}.Debug|ARM64.Build.0 = Debug|x64
		{55B6983C-0C14-49DF-87AE-8981DE32CF6A}.Debug|x64.ActiveCfg = Debug|x64
		{55B6983C-0C14-49DF-87AE-8981DE32CF6A}.Debug|x64.Build.0 = Debug|x64
		{55B6983C-0C14-49DF-87AE-8981DE32CF6A}.Debug|x86.ActiveCfg = Debug|Win32
		{55B6983C-0C14-49DF-87AE-8981DE32CF6A}.Debug|x86.Build.0 = Debug|Win32
		{55B6983C-0C14-49DF-87AE-8981DE32CF6A}.Release|ARM.ActiveCfg = Release|x64
		{55B6983C-0C14-49DF-87AE-8981DE32CF6A}.Release|ARM.Build.0 = Release|x64
		{55B6983C-0C14-49DF-87AE-8981DE32CF6A}.Release|ARM64.ActiveCfg = Release|x64
		{55B6983C-0C14-49DF-87AE-8981DE32CF6A}.Release|ARM64.Build.0 = Release|x64
		{55B6983C-0C14-49DF-87AE-8981DE32CF6A}.Release|x64.ActiveCfg = Release|x64
		{55B6983C-0C14-49DF-87AE-8981DE32CF6A}.Release|x64.Build.0 = Release|x64
		{55B6983C-0C14-49DF-87AE-8981DE32CF6A}.Release|x86.ActiveCfg = Release|Win32
		{55B6983C-0C14-49DF-87AE-8981DE32CF6A}.Release|x86.Build.0 = Release|Win32
		{C2C9BE63-626F-499D-AEA5-6C0C1409C043}.Debug|ARM.ActiveCfg = Debug|ARM
		{C2C9BE63-626F-499D-AEA5-6C0C1409C043}.Debug|ARM.Build.0 = Debug|ARM
		{C2C9BE63-626F-499D-AEA5-6C0C1409C043}.Debug|ARM.Deploy.0 = Debug|ARM
		{C2C9BE63-626F-499D-AEA5-6C0C1409C043}.Debug|ARM64.ActiveCfg = Debug|ARM64
		{C2C9BE63-626F-499D-AEA5-6C0C1409C043}.Debug|ARM64.Build.0 = Debug|ARM64
		{C2C9BE63-626F-499D-AEA5-6C0C1409C043}.Debug|ARM64.Deploy.0 = Debug|ARM64
		{C2C9BE63-626F-499D-AEA5-6C0C1409C043}.Debug|x64.ActiveCfg = Debug|x64
		{C2C9BE63-626F-499D-AEA5-6C0C1409C043}.Debug|x64.Build.0 = Debug|x64
		{C2C9BE63-626F-499D-AEA5-6C0C1409C043}.Debug|x64.Deploy.0 = Debug|x64
		{C2C9BE63-626F-499D-AEA5-6C0C1409C043}.Debug|x86.ActiveCfg = Debug|x86
		{C2C9BE63-626F-499D-AEA5-6C0C1409C043}.Debug|x86.Build.0 = Debug|x86
		{C2C9BE63-626F-499D-AEA5-6C0C1409C043}.Debug|x86.Deploy.0 = Debug|x86
		{C2C9BE63-626F-499D-AEA5-6C0C1409C043}.Release|ARM.ActiveCfg = Release|ARM
		{C2C9BE63-626F-499D-AEA5-6C0C1409C043}.Release|ARM.Build.0 = Release|ARM
		{C2C9BE63-626F-499D-AEA5-6C0C1409C043}.Release|ARM.Deploy.0 = Release|ARM
		{C2C9BE63-626F-499D-AEA5-6C0C1409C043}.Release|ARM64.ActiveCfg = Release|ARM64
		{C2C9BE63-626F-499D-AEA5-6C0C1409C043}.Release|ARM64.Build.0 = Release|ARM64
		{C2C9BE63-626F-499D-AEA5-6C0C1409C043}.Release|ARM64.Deploy.0 = Release|ARM64
		{C2C9BE63-626F-499D-AEA5-6C0C1409C043}.Release|x64.ActiveCfg = Release|x64
		{C2C9BE63-626F-499D-AEA5-6C0C1409C043}.Release|x64.Build.0 = Release|x64
		{C2C9BE63-626F-499D-AEA5-6C0C1409C043}.Release|x64.Deploy.0 = Release|x64
		{C2C9BE63-626F-499D-AEA5-6C0C1409C043}.Release|x86.ActiveCfg = Release|x86
		{C2C9BE63-626F-499D-AEA5-6C0C1409C043}.Release|x86.Build.0 = Release|x86
		{C2C9BE63-626F-499D-AEA5-6C0C1409C043}.Release|x86.Deploy.0 = Release|x86
		{4966ACE3-BAF0-42E6-A0C2-9C6F7C7CA564}.Debug|ARM.ActiveCfg = Debug|ARM
		{4966ACE3-BAF0-42E6-A0C2-9C6F7C7CA564}.Debug|ARM.Build.0 = Debug|ARM
		{4966ACE3-BAF0-42E6-A0C2-9C6F7C7CA564}.Debug|ARM.Deploy.0 = Debug|ARM
		{4966ACE3-BAF0-42E6-A0C2-9C6F7C7CA564}.Debug|ARM64.ActiveCfg = Debug|ARM64
		{4966ACE3-BAF0-42E6-A0C2-9C6F7C7CA564}.Debug|ARM64.Build.0 = Debug|ARM64
		{4966ACE3-BAF0-42E6-A0C2-9C6F7C7CA564}.Debug|ARM64.Deploy.0 = Debug|ARM64
		{4966ACE3-BAF0-42E6-A0C2-9C6F7C7CA564}.Debug|x64.ActiveCfg = Debug|x64
		{4966ACE3-BAF0-42E6-A0C2-9C6F7C7CA564}.Debug|x64.Build.0 = Debug|x64
		{4966ACE3-BAF0-42E6-A0C2-9C6F7C7CA564}.Debug|x64.Deploy.0 = Debug|x64
		{4966ACE3-BAF0-42E6-A0C2-9C6F7C7CA564}.Debug|x86.ActiveCfg = Debug|x86
		{4966ACE3-BAF0-42E6-A0C2-9C6F7C7CA564}.Debug|x86.Build.0 = Debug|x86
		{4966ACE3-BAF0-42E6-A0C2-9C6F7C7CA564}.Debug|x86.Deploy.0 = Debug|x86
		{4966ACE3-BAF0-42E6-A0C2-9C6F7C7CA564}.Release|ARM.ActiveCfg = Release|ARM
		{4966ACE3-BAF0-42E6-A0C2-9C6F7C7CA564}.Release|ARM.Build.0 = Release|ARM
		{4966ACE3-BAF0-42E6-A0C2-9C6F7C7CA564}.Release|ARM.Deploy.0 = Release|ARM
		{4966ACE3-BAF0-42E6-A0C2-9C6F7C7CA564}.Release|ARM64.ActiveCfg = Release|ARM64
		{4966ACE3-BAF0-42E6-A0C2-9C6F7C7CA564}.Release|ARM64.Build.0 = Release|ARM64
		{4966ACE3-BAF0-42E6-A0C2-9C6F7C7CA564}.Release|ARM64.Deploy.0 = Release|ARM64
		{4966ACE3-BAF0-42E6-A0C2-9C6F7C7CA564}.Release|x64.ActiveCfg = Release|x64
		{4966ACE3-BAF0-42E6-A0C2-9C6F7C7CA564}.Release|x64.Build.0 = Release|x64
		{4966ACE3-BAF0-42E6-A0C2-9C6F7C7CA564}.Release|x64.Deploy.0 = Release|x64
		{4966ACE3-BAF0-42E6-A0C2-9C6F7C7CA564}.Release|x86.ActiveCfg = Release|x86
		{4966ACE3-BAF0-42E6-A0C2-9C6F7C7CA564}.Release|x86.Build.0 = Release|x86
		{4966ACE3-BAF0-42E6-A0C2-9C6F7C7CA564}.Release|x86.Deploy.0 = Release|x86
	EndGlobalSection
	GlobalSection(SolutionProperties) = preSolution
		HideSolutionNode = FALSE
	EndGlobalSection
	GlobalSection(ExtensibilityGlobals) = postSolution
		SolutionGuid = {27F65A39-722A-43EB-B037-4D7ABA46531E}
	EndGlobalSection
EndGlobal
